
Microsoft Visual Studio Solution File, Format Version 12.00
# Visual Studio Version 17
VisualStudioVersion = 17.5.002.0
MinimumVisualStudioVersion = 10.0.40219.1
Project("{2150E333-8FDC-42A3-9474-1A3956D46DE8}") = "csharp-prep", "csharp-prep", "{34855868-E47E-4598-82C6-2071DFD5C5F4}"
EndProject
Project("{9A19103F-16F7-4668-BE54-9A1E7A4F7556}") = "Prep1", "csharp-prep\Prep1\Prep1.csproj", "{2CCAFE1D-E13F-4B3C-9DFD-EF8DF914BAAC}"
EndProject
Project("{9A19103F-16F7-4668-BE54-9A1E7A4F7556}") = "Prep2", "csharp-prep\Prep2\Prep2.csproj", "{D0180FDC-A17B-4621-8909-157D448CF2F5}"
EndProject
Project("{9A19103F-16F7-4668-BE54-9A1E7A4F7556}") = "Prep3", "csharp-prep\Prep3\Prep3.csproj", "{6227E137-2208-4AFA-9BD5-FFE358ABBE3B}"
EndProject
Project("{9A19103F-16F7-4668-BE54-9A1E7A4F7556}") = "Prep4", "csharp-prep\Prep4\Prep4.csproj", "{B0197874-6E36-4D02-B020-B68608E7FC22}"
EndProject
Project("{9A19103F-16F7-4668-BE54-9A1E7A4F7556}") = "Prep5", "csharp-prep\Prep5\Prep5.csproj", "{34597602-DAAC-49A7-A653-448A640BB2D3}"
EndProject
Project("{2150E333-8FDC-42A3-9474-1A3956D46DE8}") = "final", "final", "{B6F0D338-6639-424E-92C5-87E5168FAB92}"
EndProject
Project("{9A19103F-16F7-4668-BE54-9A1E7A4F7556}") = "FinalProject", "final\FinalProject\FinalProject.csproj", "{F6623FEE-7D0E-4E81-ABD0-9416BC091ED6}"
EndProject
Project("{9A19103F-16F7-4668-BE54-9A1E7A4F7556}") = "Foundation1", "final\Foundation1\Foundation1.csproj", "{19AEFDBC-4422-4DBF-A397-FFD61FA70B4E}"
EndProject
Project("{9A19103F-16F7-4668-BE54-9A1E7A4F7556}") = "Foundation2", "final\Foundation2\Foundation2.csproj", "{501BE637-EA39-4E96-AEA4-A36950172CAC}"
EndProject
Project("{9A19103F-16F7-4668-BE54-9A1E7A4F7556}") = "Foundation3", "final\Foundation3\Foundation3.csproj", "{2C16DD71-463D-456E-88E1-5564FD4F419E}"
EndProject
Project("{9A19103F-16F7-4668-BE54-9A1E7A4F7556}") = "Foundation4", "final\Foundation4\Foundation4.csproj", "{124C9CDD-4161-40A7-A531-46EC95461BE4}"
EndProject
Project("{2150E333-8FDC-42A3-9474-1A3956D46DE8}") = "prepare", "prepare", "{4274A893-B367-48B3-93CD-60472EAB4470}"
EndProject
Project("{9A19103F-16F7-4668-BE54-9A1E7A4F7556}") = "Learning02", "prepare\Learning02\Learning02.csproj", "{13924B4C-9ABB-4C89-A262-906AE9CAA5A0}"
EndProject
Project("{9A19103F-16F7-4668-BE54-9A1E7A4F7556}") = "Learning03", "prepare\Learning03\Learning03.csproj", "{899DBE09-9AC1-4680-992D-ADB79BD06FD7}"
EndProject
Project("{9A19103F-16F7-4668-BE54-9A1E7A4F7556}") = "Learning04", "prepare\Learning04\Learning04.csproj", "{4081C983-96DF-4C42-96BE-D3377924C1AC}"
EndProject
Project("{9A19103F-16F7-4668-BE54-9A1E7A4F7556}") = "Learning05", "prepare\Learning05\Learning05.csproj", "{B3925D4E-FE81-487F-847A-FB009C0516E2}"
EndProject
Project("{2150E333-8FDC-42A3-9474-1A3956D46DE8}") = "prove", "prove", "{ED1185E1-2A7B-47C8-A31E-0DB9C98FF0DB}"
EndProject
Project("{9A19103F-16F7-4668-BE54-9A1E7A4F7556}") = "Develop02", "prove\Develop02\Develop02.csproj", "{CEEE18B2-A10D-4CC6-9746-703DBC820DCA}"
EndProject
Project("{9A19103F-16F7-4668-BE54-9A1E7A4F7556}") = "Develop03", "prove\Develop03\Develop03.csproj", "{D9923AE9-5607-46AE-B7EE-C0BD55F38C6D}"
EndProject
Project("{9A19103F-16F7-4668-BE54-9A1E7A4F7556}") = "Develop04", "prove\Develop04\Develop04.csproj", "{9EFD5AB1-F9F9-4B21-902B-1D4AAD69D212}"
EndProject
Project("{9A19103F-16F7-4668-BE54-9A1E7A4F7556}") = "Develop05", "prove\Develop05\Develop05.csproj", "{70507768-58A4-4247-A0CA-18FAEB272091}"
EndProject
Project("{2150E333-8FDC-42A3-9474-1A3956D46DE8}") = "sandbox", "sandbox", "{A2437111-80B9-4A51-B93E-19D3BFEB5C62}"
EndProject
Project("{9A19103F-16F7-4668-BE54-9A1E7A4F7556}") = "Sandbox", "sandbox\Sandbox\Sandbox.csproj", "{0566F9B2-A251-45AA-A980-32EA1212FF89}"
EndProject
Global
	GlobalSection(SolutionConfigurationPlatforms) = preSolution
		Debug|Any CPU = Debug|Any CPU
		Release|Any CPU = Release|Any CPU
	EndGlobalSection
	GlobalSection(ProjectConfigurationPlatforms) = postSolution
		{2CCAFE1D-E13F-4B3C-9DFD-EF8DF914BAAC}.Debug|Any CPU.ActiveCfg = Debug|Any CPU
		{2CCAFE1D-E13F-4B3C-9DFD-EF8DF914BAAC}.Debug|Any CPU.Build.0 = Debug|Any CPU
		{2CCAFE1D-E13F-4B3C-9DFD-EF8DF914BAAC}.Release|Any CPU.ActiveCfg = Release|Any CPU
		{2CCAFE1D-E13F-4B3C-9DFD-EF8DF914BAAC}.Release|Any CPU.Build.0 = Release|Any CPU
		{D0180FDC-A17B-4621-8909-157D448CF2F5}.Debug|Any CPU.ActiveCfg = Debug|Any CPU
		{D0180FDC-A17B-4621-8909-157D448CF2F5}.Debug|Any CPU.Build.0 = Debug|Any CPU
		{D0180FDC-A17B-4621-8909-157D448CF2F5}.Release|Any CPU.ActiveCfg = Release|Any CPU
		{D0180FDC-A17B-4621-8909-157D448CF2F5}.Release|Any CPU.Build.0 = Release|Any CPU
		{6227E137-2208-4AFA-9BD5-FFE358ABBE3B}.Debug|Any CPU.ActiveCfg = Debug|Any CPU
		{6227E137-2208-4AFA-9BD5-FFE358ABBE3B}.Debug|Any CPU.Build.0 = Debug|Any CPU
		{6227E137-2208-4AFA-9BD5-FFE358ABBE3B}.Release|Any CPU.ActiveCfg = Release|Any CPU
		{6227E137-2208-4AFA-9BD5-FFE358ABBE3B}.Release|Any CPU.Build.0 = Release|Any CPU
		{B0197874-6E36-4D02-B020-B68608E7FC22}.Debug|Any CPU.ActiveCfg = Debug|Any CPU
		{B0197874-6E36-4D02-B020-B68608E7FC22}.Debug|Any CPU.Build.0 = Debug|Any CPU
		{B0197874-6E36-4D02-B020-B68608E7FC22}.Release|Any CPU.ActiveCfg = Release|Any CPU
		{B0197874-6E36-4D02-B020-B68608E7FC22}.Release|Any CPU.Build.0 = Release|Any CPU
		{34597602-DAAC-49A7-A653-448A640BB2D3}.Debug|Any CPU.ActiveCfg = Debug|Any CPU
		{34597602-DAAC-49A7-A653-448A640BB2D3}.Debug|Any CPU.Build.0 = Debug|Any CPU
		{34597602-DAAC-49A7-A653-448A640BB2D3}.Release|Any CPU.ActiveCfg = Release|Any CPU
		{34597602-DAAC-49A7-A653-448A640BB2D3}.Release|Any CPU.Build.0 = Release|Any CPU
		{F6623FEE-7D0E-4E81-ABD0-9416BC091ED6}.Debug|Any CPU.ActiveCfg = Debug|Any CPU
		{F6623FEE-7D0E-4E81-ABD0-9416BC091ED6}.Debug|Any CPU.Build.0 = Debug|Any CPU
		{F6623FEE-7D0E-4E81-ABD0-9416BC091ED6}.Release|Any CPU.ActiveCfg = Release|Any CPU
		{F6623FEE-7D0E-4E81-ABD0-9416BC091ED6}.Release|Any CPU.Build.0 = Release|Any CPU
		{19AEFDBC-4422-4DBF-A397-FFD61FA70B4E}.Debug|Any CPU.ActiveCfg = Debug|Any CPU
		{19AEFDBC-4422-4DBF-A397-FFD61FA70B4E}.Debug|Any CPU.Build.0 = Debug|Any CPU
		{19AEFDBC-4422-4DBF-A397-FFD61FA70B4E}.Release|Any CPU.ActiveCfg = Release|Any CPU
		{19AEFDBC-4422-4DBF-A397-FFD61FA70B4E}.Release|Any CPU.Build.0 = Release|Any CPU
		{501BE637-EA39-4E96-AEA4-A36950172CAC}.Debug|Any CPU.ActiveCfg = Debug|Any CPU
		{501BE637-EA39-4E96-AEA4-A36950172CAC}.Debug|Any CPU.Build.0 = Debug|Any CPU
		{501BE637-EA39-4E96-AEA4-A36950172CAC}.Release|Any CPU.ActiveCfg = Release|Any CPU
		{501BE637-EA39-4E96-AEA4-A36950172CAC}.Release|Any CPU.Build.0 = Release|Any CPU
		{2C16DD71-463D-456E-88E1-5564FD4F419E}.Debug|Any CPU.ActiveCfg = Debug|Any CPU
		{2C16DD71-463D-456E-88E1-5564FD4F419E}.Debug|Any CPU.Build.0 = Debug|Any CPU
		{2C16DD71-463D-456E-88E1-5564FD4F419E}.Release|Any CPU.ActiveCfg = Release|Any CPU
		{2C16DD71-463D-456E-88E1-5564FD4F419E}.Release|Any CPU.Build.0 = Release|Any CPU
		{124C9CDD-4161-40A7-A531-46EC95461BE4}.Debug|Any CPU.ActiveCfg = Debug|Any CPU
		{124C9CDD-4161-40A7-A531-46EC95461BE4}.Debug|Any CPU.Build.0 = Debug|Any CPU
		{124C9CDD-4161-40A7-A531-46EC95461BE4}.Release|Any CPU.ActiveCfg = Release|Any CPU
		{124C9CDD-4161-40A7-A531-46EC95461BE4}.Release|Any CPU.Build.0 = Release|Any CPU
		{13924B4C-9ABB-4C89-A262-906AE9CAA5A0}.Debug|Any CPU.ActiveCfg = Debug|Any CPU
		{13924B4C-9ABB-4C89-A262-906AE9CAA5A0}.Debug|Any CPU.Build.0 = Debug|Any CPU
		{13924B4C-9ABB-4C89-A262-906AE9CAA5A0}.Release|Any CPU.ActiveCfg = Release|Any CPU
		{13924B4C-9ABB-4C89-A262-906AE9CAA5A0}.Release|Any CPU.Build.0 = Release|Any CPU
		{899DBE09-9AC1-4680-992D-ADB79BD06FD7}.Debug|Any CPU.ActiveCfg = Debug|Any CPU
		{899DBE09-9AC1-4680-992D-ADB79BD06FD7}.Debug|Any CPU.Build.0 = Debug|Any CPU
		{899DBE09-9AC1-4680-992D-ADB79BD06FD7}.Release|Any CPU.ActiveCfg = Release|Any CPU
		{899DBE09-9AC1-4680-992D-ADB79BD06FD7}.Release|Any CPU.Build.0 = Release|Any CPU
		{4081C983-96DF-4C42-96BE-D3377924C1AC}.Debug|Any CPU.ActiveCfg = Debug|Any CPU
		{4081C983-96DF-4C42-96BE-D3377924C1AC}.Debug|Any CPU.Build.0 = Debug|Any CPU
		{4081C983-96DF-4C42-96BE-D3377924C1AC}.Release|Any CPU.ActiveCfg = Release|Any CPU
		{4081C983-96DF-4C42-96BE-D3377924C1AC}.Release|Any CPU.Build.0 = Release|Any CPU
		{B3925D4E-FE81-487F-847A-FB009C0516E2}.Debug|Any CPU.ActiveCfg = Debug|Any CPU
		{B3925D4E-FE81-487F-847A-FB009C0516E2}.Debug|Any CPU.Build.0 = Debug|Any CPU
		{B3925D4E-FE81-487F-847A-FB009C0516E2}.Release|Any CPU.ActiveCfg = Release|Any CPU
		{B3925D4E-FE81-487F-847A-FB009C0516E2}.Release|Any CPU.Build.0 = Release|Any CPU
		{CEEE18B2-A10D-4CC6-9746-703DBC820DCA}.Debug|Any CPU.ActiveCfg = Debug|Any CPU
		{CEEE18B2-A10D-4CC6-9746-703DBC820DCA}.Debug|Any CPU.Build.0 = Debug|Any CPU
		{CEEE18B2-A10D-4CC6-9746-703DBC820DCA}.Release|Any CPU.ActiveCfg = Release|Any CPU
		{CEEE18B2-A10D-4CC6-9746-703DBC820DCA}.Release|Any CPU.Build.0 = Release|Any CPU
		{D9923AE9-5607-46AE-B7EE-C0BD55F38C6D}.Debug|Any CPU.ActiveCfg = Debug|Any CPU
		{D9923AE9-5607-46AE-B7EE-C0BD55F38C6D}.Debug|Any CPU.Build.0 = Debug|Any CPU
		{D9923AE9-5607-46AE-B7EE-C0BD55F38C6D}.Release|Any CPU.ActiveCfg = Release|Any CPU
		{D9923AE9-5607-46AE-B7EE-C0BD55F38C6D}.Release|Any CPU.Build.0 = Release|Any CPU
		{9EFD5AB1-F9F9-4B21-902B-1D4AAD69D212}.Debug|Any CPU.ActiveCfg = Debug|Any CPU
		{9EFD5AB1-F9F9-4B21-902B-1D4AAD69D212}.Debug|Any CPU.Build.0 = Debug|Any CPU
		{9EFD5AB1-F9F9-4B21-902B-1D4AAD69D212}.Release|Any CPU.ActiveCfg = Release|Any CPU
		{9EFD5AB1-F9F9-4B21-902B-1D4AAD69D212}.Release|Any CPU.Build.0 = Release|Any CPU
		{70507768-58A4-4247-A0CA-18FAEB272091}.Debug|Any CPU.ActiveCfg = Debug|Any CPU
		{70507768-58A4-4247-A0CA-18FAEB272091}.Debug|Any CPU.Build.0 = Debug|Any CPU
		{70507768-58A4-4247-A0CA-18FAEB272091}.Release|Any CPU.ActiveCfg = Release|Any CPU
		{70507768-58A4-4247-A0CA-18FAEB272091}.Release|Any CPU.Build.0 = Release|Any CPU
		{0566F9B2-A251-45AA-A980-32EA1212FF89}.Debug|Any CPU.ActiveCfg = Debug|Any CPU
		{0566F9B2-A251-45AA-A980-32EA1212FF89}.Debug|Any CPU.Build.0 = Debug|Any CPU
		{0566F9B2-A251-45AA-A980-32EA1212FF89}.Release|Any CPU.ActiveCfg = Release|Any CPU
		{0566F9B2-A251-45AA-A980-32EA1212FF89}.Release|Any CPU.Build.0 = Release|Any CPU
	EndGlobalSection
	GlobalSection(SolutionProperties) = preSolution
		HideSolutionNode = FALSE
	EndGlobalSection
	GlobalSection(NestedProjects) = preSolution
		{2CCAFE1D-E13F-4B3C-9DFD-EF8DF914BAAC} = {34855868-E47E-4598-82C6-2071DFD5C5F4}
		{D0180FDC-A17B-4621-8909-157D448CF2F5} = {34855868-E47E-4598-82C6-2071DFD5C5F4}
		{6227E137-2208-4AFA-9BD5-FFE358ABBE3B} = {34855868-E47E-4598-82C6-2071DFD5C5F4}
		{B0197874-6E36-4D02-B020-B68608E7FC22} = {34855868-E47E-4598-82C6-2071DFD5C5F4}
		{34597602-DAAC-49A7-A653-448A640BB2D3} = {34855868-E47E-4598-82C6-2071DFD5C5F4}
		{F6623FEE-7D0E-4E81-ABD0-9416BC091ED6} = {B6F0D338-6639-424E-92C5-87E5168FAB92}
		{19AEFDBC-4422-4DBF-A397-FFD61FA70B4E} = {B6F0D338-6639-424E-92C5-87E5168FAB92}
		{501BE637-EA39-4E96-AEA4-A36950172CAC} = {B6F0D338-6639-424E-92C5-87E5168FAB92}
		{2C16DD71-463D-456E-88E1-5564FD4F419E} = {B6F0D338-6639-424E-92C5-87E5168FAB92}
		{124C9CDD-4161-40A7-A531-46EC95461BE4} = {B6F0D338-6639-424E-92C5-87E5168FAB92}
		{13924B4C-9ABB-4C89-A262-906AE9CAA5A0} = {4274A893-B367-48B3-93CD-60472EAB4470}
		{899DBE09-9AC1-4680-992D-ADB79BD06FD7} = {4274A893-B367-48B3-93CD-60472EAB4470}
		{4081C983-96DF-4C42-96BE-D3377924C1AC} = {4274A893-B367-48B3-93CD-60472EAB4470}
		{B3925D4E-FE81-487F-847A-FB009C0516E2} = {4274A893-B367-48B3-93CD-60472EAB4470}
		{CEEE18B2-A10D-4CC6-9746-703DBC820DCA} = {ED1185E1-2A7B-47C8-A31E-0DB9C98FF0DB}
		{D9923AE9-5607-46AE-B7EE-C0BD55F38C6D} = {ED1185E1-2A7B-47C8-A31E-0DB9C98FF0DB}
		{9EFD5AB1-F9F9-4B21-902B-1D4AAD69D212} = {ED1185E1-2A7B-47C8-A31E-0DB9C98FF0DB}
		{70507768-58A4-4247-A0CA-18FAEB272091} = {ED1185E1-2A7B-47C8-A31E-0DB9C98FF0DB}
		{0566F9B2-A251-45AA-A980-32EA1212FF89} = {A2437111-80B9-4A51-B93E-19D3BFEB5C62}
	EndGlobalSection
	GlobalSection(ExtensibilityGlobals) = postSolution
		SolutionGuid = {4555FB38-550C-4C4F-B4D9-CCE2D99837E5}
	EndGlobalSection
EndGlobal
